// !$*UTF8*$!
{
	archiveVersion = 1;
	classes = {
	};
	objectVersion = 50;
	objects = {

/* Begin PBXBuildFile section */
		9C5E3F55216F15DA005B7E91 /* AppDelegate.swift in Sources */ = {isa = PBXBuildFile; fileRef = 9C5E3F54216F15DA005B7E91 /* AppDelegate.swift */; };
		9C5E3F57216F15DA005B7E91 /* GameScene.sks in Resources */ = {isa = PBXBuildFile; fileRef = 9C5E3F56216F15DA005B7E91 /* GameScene.sks */; };
		9C5E3F59216F15DA005B7E91 /* Actions.sks in Resources */ = {isa = PBXBuildFile; fileRef = 9C5E3F58216F15DA005B7E91 /* Actions.sks */; };
		9C5E3F5B216F15DA005B7E91 /* GameScene.swift in Sources */ = {isa = PBXBuildFile; fileRef = 9C5E3F5A216F15DA005B7E91 /* GameScene.swift */; };
		9C5E3F5D216F15DA005B7E91 /* GameViewController.swift in Sources */ = {isa = PBXBuildFile; fileRef = 9C5E3F5C216F15DA005B7E91 /* GameViewController.swift */; };
		9C5E3F60216F15DA005B7E91 /* Main.storyboard in Resources */ = {isa = PBXBuildFile; fileRef = 9C5E3F5E216F15DA005B7E91 /* Main.storyboard */; };
		9C5E3F62216F15DA005B7E91 /* Assets.xcassets in Resources */ = {isa = PBXBuildFile; fileRef = 9C5E3F61216F15DA005B7E91 /* Assets.xcassets */; };
		9C5E3F65216F15DA005B7E91 /* LaunchScreen.storyboard in Resources */ = {isa = PBXBuildFile; fileRef = 9C5E3F63216F15DA005B7E91 /* LaunchScreen.storyboard */; };
		9C5E3F70216F15DB005B7E91 /* SensorVisualTests.swift in Sources */ = {isa = PBXBuildFile; fileRef = 9C5E3F6F216F15DB005B7E91 /* SensorVisualTests.swift */; };
		9C5E3F7B216F15DB005B7E91 /* SensorVisualUITests.swift in Sources */ = {isa = PBXBuildFile; fileRef = 9C5E3F7A216F15DB005B7E91 /* SensorVisualUITests.swift */; };
/* End PBXBuildFile section */

/* Begin PBXContainerItemProxy section */
		9C5E3F6C216F15DB005B7E91 /* PBXContainerItemProxy */ = {
			isa = PBXContainerItemProxy;
			containerPortal = 9C5E3F49216F15DA005B7E91 /* Project object */;
			proxyType = 1;
			remoteGlobalIDString = 9C5E3F50216F15DA005B7E91;
			remoteInfo = SensorVisual;
		};
		9C5E3F77216F15DB005B7E91 /* PBXContainerItemProxy */ = {
			isa = PBXContainerItemProxy;
			containerPortal = 9C5E3F49216F15DA005B7E91 /* Project object */;
			proxyType = 1;
			remoteGlobalIDString = 9C5E3F50216F15DA005B7E91;
			remoteInfo = SensorVisual;
		};
/* End PBXContainerItemProxy section */

/* Begin PBXFileReference section */
		9C5E3F51216F15DA005B7E91 /* SensorVisual.app */ = {isa = PBXFileReference; explicitFileType = wrapper.application; includeInIndex = 0; path = SensorVisual.app; sourceTree = BUILT_PRODUCTS_DIR; };
		9C5E3F54216F15DA005B7E91 /* AppDelegate.swift */ = {isa = PBXFileReference; lastKnownFileType = sourcecode.swift; path = AppDelegate.swift; sourceTree = "<group>"; };
		9C5E3F56216F15DA005B7E91 /* GameScene.sks */ = {isa = PBXFileReference; lastKnownFileType = file.sks; path = GameScene.sks; sourceTree = "<group>"; };
		9C5E3F58216F15DA005B7E91 /* Actions.sks */ = {isa = PBXFileReference; lastKnownFileType = file.sks; path = Actions.sks; sourceTree = "<group>"; };
		9C5E3F5A216F15DA005B7E91 /* GameScene.swift */ = {isa = PBXFileReference; lastKnownFileType = sourcecode.swift; path = GameScene.swift; sourceTree = "<group>"; };
		9C5E3F5C216F15DA005B7E91 /* GameViewController.swift */ = {isa = PBXFileReference; lastKnownFileType = sourcecode.swift; path = GameViewController.swift; sourceTree = "<group>"; };
		9C5E3F5F216F15DA005B7E91 /* Base */ = {isa = PBXFileReference; lastKnownFileType = file.storyboard; name = Base; path = Base.lproj/Main.storyboard; sourceTree = "<group>"; };
		9C5E3F61216F15DA005B7E91 /* Assets.xcassets */ = {isa = PBXFileReference; lastKnownFileType = folder.assetcatalog; path = Assets.xcassets; sourceTree = "<group>"; };
		9C5E3F64216F15DA005B7E91 /* Base */ = {isa = PBXFileReference; lastKnownFileType = file.storyboard; name = Base; path = Base.lproj/LaunchScreen.storyboard; sourceTree = "<group>"; };
		9C5E3F66216F15DA005B7E91 /* Info.plist */ = {isa = PBXFileReference; lastKnownFileType = text.plist.xml; path = Info.plist; sourceTree = "<group>"; };
		9C5E3F6B216F15DB005B7E91 /* SensorVisualTests.xctest */ = {isa = PBXFileReference; explicitFileType = wrapper.cfbundle; includeInIndex = 0; path = SensorVisualTests.xctest; sourceTree = BUILT_PRODUCTS_DIR; };
		9C5E3F6F216F15DB005B7E91 /* SensorVisualTests.swift */ = {isa = PBXFileReference; lastKnownFileType = sourcecode.swift; path = SensorVisualTests.swift; sourceTree = "<group>"; };
		9C5E3F71216F15DB005B7E91 /* Info.plist */ = {isa = PBXFileReference; lastKnownFileType = text.plist.xml; path = Info.plist; sourceTree = "<group>"; };
		9C5E3F76216F15DB005B7E91 /* SensorVisualUITests.xctest */ = {isa = PBXFileReference; explicitFileType = wrapper.cfbundle; includeInIndex = 0; path = SensorVisualUITests.xctest; sourceTree = BUILT_PRODUCTS_DIR; };
		9C5E3F7A216F15DB005B7E91 /* SensorVisualUITests.swift */ = {isa = PBXFileReference; lastKnownFileType = sourcecode.swift; path = SensorVisualUITests.swift; sourceTree = "<group>"; };
		9C5E3F7C216F15DB005B7E91 /* Info.plist */ = {isa = PBXFileReference; lastKnownFileType = text.plist.xml; path = Info.plist; sourceTree = "<group>"; };
/* End PBXFileReference section */

/* Begin PBXFrameworksBuildPhase section */
		9C5E3F4E216F15DA005B7E91 /* Frameworks */ = {
			isa = PBXFrameworksBuildPhase;
			buildActionMask = 2147483647;
			files = (
			);
			runOnlyForDeploymentPostprocessing = 0;
		};
		9C5E3F68216F15DB005B7E91 /* Frameworks */ = {
			isa = PBXFrameworksBuildPhase;
			buildActionMask = 2147483647;
			files = (
			);
			runOnlyForDeploymentPostprocessing = 0;
		};
		9C5E3F73216F15DB005B7E91 /* Frameworks */ = {
			isa = PBXFrameworksBuildPhase;
			buildActionMask = 2147483647;
			files = (
			);
			runOnlyForDeploymentPostprocessing = 0;
		};
/* End PBXFrameworksBuildPhase section */

/* Begin PBXGroup section */
		9C5E3F48216F15DA005B7E91 = {
			isa = PBXGroup;
			children = (
				9C5E3F53216F15DA005B7E91 /* SensorVisual */,
				9C5E3F6E216F15DB005B7E91 /* SensorVisualTests */,
				9C5E3F79216F15DB005B7E91 /* SensorVisualUITests */,
				9C5E3F52216F15DA005B7E91 /* Products */,
			);
			sourceTree = "<group>";
		};
		9C5E3F52216F15DA005B7E91 /* Products */ = {
			isa = PBXGroup;
			children = (
				9C5E3F51216F15DA005B7E91 /* SensorVisual.app */,
				9C5E3F6B216F15DB005B7E91 /* SensorVisualTests.xctest */,
				9C5E3F76216F15DB005B7E91 /* SensorVisualUITests.xctest */,
			);
			name = Products;
			sourceTree = "<group>";
		};
		9C5E3F53216F15DA005B7E91 /* SensorVisual */ = {
			isa = PBXGroup;
			children = (
				9C5E3F54216F15DA005B7E91 /* AppDelegate.swift */,
				9C5E3F56216F15DA005B7E91 /* GameScene.sks */,
				9C5E3F58216F15DA005B7E91 /* Actions.sks */,
				9C5E3F5A216F15DA005B7E91 /* GameScene.swift */,
				9C5E3F5C216F15DA005B7E91 /* GameViewController.swift */,
				9C5E3F5E216F15DA005B7E91 /* Main.storyboard */,
				9C5E3F61216F15DA005B7E91 /* Assets.xcassets */,
				9C5E3F63216F15DA005B7E91 /* LaunchScreen.storyboard */,
				9C5E3F66216F15DA005B7E91 /* Info.plist */,
			);
			path = SensorVisual;
			sourceTree = "<group>";
		};
		9C5E3F6E216F15DB005B7E91 /* SensorVisualTests */ = {
			isa = PBXGroup;
			children = (
				9C5E3F6F216F15DB005B7E91 /* SensorVisualTests.swift */,
				9C5E3F71216F15DB005B7E91 /* Info.plist */,
			);
			path = SensorVisualTests;
			sourceTree = "<group>";
		};
		9C5E3F79216F15DB005B7E91 /* SensorVisualUITests */ = {
			isa = PBXGroup;
			children = (
				9C5E3F7A216F15DB005B7E91 /* SensorVisualUITests.swift */,
				9C5E3F7C216F15DB005B7E91 /* Info.plist */,
			);
			path = SensorVisualUITests;
			sourceTree = "<group>";
		};
/* End PBXGroup section */

/* Begin PBXNativeTarget section */
		9C5E3F50216F15DA005B7E91 /* SensorVisual */ = {
			isa = PBXNativeTarget;
			buildConfigurationList = 9C5E3F7F216F15DB005B7E91 /* Build configuration list for PBXNativeTarget "SensorVisual" */;
			buildPhases = (
				9C5E3F4D216F15DA005B7E91 /* Sources */,
				9C5E3F4E216F15DA005B7E91 /* Frameworks */,
				9C5E3F4F216F15DA005B7E91 /* Resources */,
			);
			buildRules = (
			);
			dependencies = (
			);
			name = SensorVisual;
			productName = SensorVisual;
			productReference = 9C5E3F51216F15DA005B7E91 /* SensorVisual.app */;
			productType = "com.apple.product-type.application";
		};
		9C5E3F6A216F15DB005B7E91 /* SensorVisualTests */ = {
			isa = PBXNativeTarget;
			buildConfigurationList = 9C5E3F82216F15DB005B7E91 /* Build configuration list for PBXNativeTarget "SensorVisualTests" */;
			buildPhases = (
				9C5E3F67216F15DB005B7E91 /* Sources */,
				9C5E3F68216F15DB005B7E91 /* Frameworks */,
				9C5E3F69216F15DB005B7E91 /* Resources */,
			);
			buildRules = (
			);
			dependencies = (
				9C5E3F6D216F15DB005B7E91 /* PBXTargetDependency */,
			);
			name = SensorVisualTests;
			productName = SensorVisualTests;
			productReference = 9C5E3F6B216F15DB005B7E91 /* SensorVisualTests.xctest */;
			productType = "com.apple.product-type.bundle.unit-test";
		};
		9C5E3F75216F15DB005B7E91 /* SensorVisualUITests */ = {
			isa = PBXNativeTarget;
			buildConfigurationList = 9C5E3F85216F15DB005B7E91 /* Build configuration list for PBXNativeTarget "SensorVisualUITests" */;
			buildPhases = (
				9C5E3F72216F15DB005B7E91 /* Sources */,
				9C5E3F73216F15DB005B7E91 /* Frameworks */,
				9C5E3F74216F15DB005B7E91 /* Resources */,
			);
			buildRules = (
			);
			dependencies = (
				9C5E3F78216F15DB005B7E91 /* PBXTargetDependency */,
			);
			name = SensorVisualUITests;
			productName = SensorVisualUITests;
			productReference = 9C5E3F76216F15DB005B7E91 /* SensorVisualUITests.xctest */;
			productType = "com.apple.product-type.bundle.ui-testing";
		};
/* End PBXNativeTarget section */

/* Begin PBXProject section */
		9C5E3F49216F15DA005B7E91 /* Project object */ = {
			isa = PBXProject;
			attributes = {
				LastSwiftUpdateCheck = 1000;
				LastUpgradeCheck = 1000;
				ORGANIZATIONNAME = Manik;
				TargetAttributes = {
					9C5E3F50216F15DA005B7E91 = {
						CreatedOnToolsVersion = 10.0;
					};
					9C5E3F6A216F15DB005B7E91 = {
						CreatedOnToolsVersion = 10.0;
						TestTargetID = 9C5E3F50216F15DA005B7E91;
					};
					9C5E3F75216F15DB005B7E91 = {
						CreatedOnToolsVersion = 10.0;
						TestTargetID = 9C5E3F50216F15DA005B7E91;
					};
				};
			};
			buildConfigurationList = 9C5E3F4C216F15DA005B7E91 /* Build configuration list for PBXProject "SensorVisual" */;
			compatibilityVersion = "Xcode 9.3";
			developmentRegion = en;
			hasScannedForEncodings = 0;
			knownRegions = (
				en,
				Base,
			);
			mainGroup = 9C5E3F48216F15DA005B7E91;
			productRefGroup = 9C5E3F52216F15DA005B7E91 /* Products */;
			projectDirPath = "";
			projectRoot = "";
			targets = (
				9C5E3F50216F15DA005B7E91 /* SensorVisual */,
				9C5E3F6A216F15DB005B7E91 /* SensorVisualTests */,
				9C5E3F75216F15DB005B7E91 /* SensorVisualUITests */,
			);
		};
/* End PBXProject section */

/* Begin PBXResourcesBuildPhase section */
		9C5E3F4F216F15DA005B7E91 /* Resources */ = {
			isa = PBXResourcesBuildPhase;
			buildActionMask = 2147483647;
			files = (
				9C5E3F60216F15DA005B7E91 /* Main.storyboard in Resources */,
				9C5E3F57216F15DA005B7E91 /* GameScene.sks in Resources */,
				9C5E3F62216F15DA005B7E91 /* Assets.xcassets in Resources */,
				9C5E3F65216F15DA005B7E91 /* LaunchScreen.storyboard in Resources */,
				9C5E3F59216F15DA005B7E91 /* Actions.sks in Resources */,
			);
			runOnlyForDeploymentPostprocessing = 0;
		};
		9C5E3F69216F15DB005B7E91 /* Resources */ = {
			isa = PBXResourcesBuildPhase;
			buildActionMask = 2147483647;
			files = (
			);
			runOnlyForDeploymentPostprocessing = 0;
		};
		9C5E3F74216F15DB005B7E91 /* Resources */ = {
			isa = PBXResourcesBuildPhase;
			buildActionMask = 2147483647;
			files = (
			);
			runOnlyForDeploymentPostprocessing = 0;
		};
/* End PBXResourcesBuildPhase section */

/* Begin PBXSourcesBuildPhase section */
		9C5E3F4D216F15DA005B7E91 /* Sources */ = {
			isa = PBXSourcesBuildPhase;
			buildActionMask = 2147483647;
			files = (
				9C5E3F5B216F15DA005B7E91 /* GameScene.swift in Sources */,
				9C5E3F5D216F15DA005B7E91 /* GameViewController.swift in Sources */,
				9C5E3F55216F15DA005B7E91 /* AppDelegate.swift in Sources */,
			);
			runOnlyForDeploymentPostprocessing = 0;
		};
		9C5E3F67216F15DB005B7E91 /* Sources */ = {
			isa = PBXSourcesBuildPhase;
			buildActionMask = 2147483647;
			files = (
				9C5E3F70216F15DB005B7E91 /* SensorVisualTests.swift in Sources */,
			);
			runOnlyForDeploymentPostprocessing = 0;
		};
		9C5E3F72216F15DB005B7E91 /* Sources */ = {
			isa = PBXSourcesBuildPhase;
			buildActionMask = 2147483647;
			files = (
				9C5E3F7B216F15DB005B7E91 /* SensorVisualUITests.swift in Sources */,
			);
			runOnlyForDeploymentPostprocessing = 0;
		};
/* End PBXSourcesBuildPhase section */

/* Begin PBXTargetDependency section */
		9C5E3F6D216F15DB005B7E91 /* PBXTargetDependency */ = {
			isa = PBXTargetDependency;
			target = 9C5E3F50216F15DA005B7E91 /* SensorVisual */;
			targetProxy = 9C5E3F6C216F15DB005B7E91 /* PBXContainerItemProxy */;
		};
		9C5E3F78216F15DB005B7E91 /* PBXTargetDependency */ = {
			isa = PBXTargetDependency;
			target = 9C5E3F50216F15DA005B7E91 /* SensorVisual */;
			targetProxy = 9C5E3F77216F15DB005B7E91 /* PBXContainerItemProxy */;
		};
/* End PBXTargetDependency section */

/* Begin PBXVariantGroup section */
		9C5E3F5E216F15DA005B7E91 /* Main.storyboard */ = {
			isa = PBXVariantGroup;
			children = (
				9C5E3F5F216F15DA005B7E91 /* Base */,
			);
			name = Main.storyboard;
			sourceTree = "<group>";
		};
		9C5E3F63216F15DA005B7E91 /* LaunchScreen.storyboard */ = {
			isa = PBXVariantGroup;
			children = (
				9C5E3F64216F15DA005B7E91 /* Base */,
			);
			name = LaunchScreen.storyboard;
			sourceTree = "<group>";
		};
/* End PBXVariantGroup section */

/* Begin XCBuildConfiguration section */
		9C5E3F7D216F15DB005B7E91 /* Debug */ = {
			isa = XCBuildConfiguration;
			buildSettings = {
				ALWAYS_SEARCH_USER_PATHS = NO;
				CLANG_ANALYZER_NONNULL = YES;
				CLANG_ANALYZER_NUMBER_OBJECT_CONVERSION = YES_AGGRESSIVE;
				CLANG_CXX_LANGUAGE_STANDARD = "gnu++14";
				CLANG_CXX_LIBRARY = "libc++";
				CLANG_ENABLE_MODULES = YES;
				CLANG_ENABLE_OBJC_ARC = YES;
				CLANG_ENABLE_OBJC_WEAK = YES;
				CLANG_WARN_BLOCK_CAPTURE_AUTORELEASING = YES;
				CLANG_WARN_BOOL_CONVERSION = YES;
				CLANG_WARN_COMMA = YES;
				CLANG_WARN_CONSTANT_CONVERSION = YES;
				CLANG_WARN_DEPRECATED_OBJC_IMPLEMENTATIONS = YES;
				CLANG_WARN_DIRECT_OBJC_ISA_USAGE = YES_ERROR;
				CLANG_WARN_DOCUMENTATION_COMMENTS = YES;
				CLANG_WARN_EMPTY_BODY = YES;
				CLANG_WARN_ENUM_CONVERSION = YES;
				CLANG_WARN_INFINITE_RECURSION = YES;
				CLANG_WARN_INT_CONVERSION = YES;
				CLANG_WARN_NON_LITERAL_NULL_CONVERSION = YES;
				CLANG_WARN_OBJC_IMPLICIT_RETAIN_SELF = YES;
				CLANG_WARN_OBJC_LITERAL_CONVERSION = YES;
				CLANG_WARN_OBJC_ROOT_CLASS = YES_ERROR;
				CLANG_WARN_RANGE_LOOP_ANALYSIS = YES;
				CLANG_WARN_STRICT_PROTOTYPES = YES;
				CLANG_WARN_SUSPICIOUS_MOVE = YES;
				CLANG_WARN_UNGUARDED_AVAILABILITY = YES_AGGRESSIVE;
				CLANG_WARN_UNREACHABLE_CODE = YES;
				CLANG_WARN__DUPLICATE_METHOD_MATCH = YES;
				CODE_SIGN_IDENTITY = "iPhone Developer";
				COPY_PHASE_STRIP = NO;
				DEBUG_INFORMATION_FORMAT = dwarf;
				ENABLE_STRICT_OBJC_MSGSEND = YES;
				ENABLE_TESTABILITY = YES;
				GCC_C_LANGUAGE_STANDARD = gnu11;
				GCC_DYNAMIC_NO_PIC = NO;
				GCC_NO_COMMON_BLOCKS = YES;
				GCC_OPTIMIZATION_LEVEL = 0;
				GCC_PREPROCESSOR_DEFINITIONS = (
					"DEBUG=1",
					"$(inherited)",
				);
				GCC_WARN_64_TO_32_BIT_CONVERSION = YES;
				GCC_WARN_ABOUT_RETURN_TYPE = YES_ERROR;
				GCC_WARN_UNDECLARED_SELECTOR = YES;
				GCC_WARN_UNINITIALIZED_AUTOS = YES_AGGRESSIVE;
				GCC_WARN_UNUSED_FUNCTION = YES;
				GCC_WARN_UNUSED_VARIABLE = YES;
				IPHONEOS_DEPLOYMENT_TARGET = 12.0;
				MTL_ENABLE_DEBUG_INFO = INCLUDE_SOURCE;
				MTL_FAST_MATH = YES;
				ONLY_ACTIVE_ARCH = YES;
				SDKROOT = iphoneos;
				SWIFT_ACTIVE_COMPILATION_CONDITIONS = DEBUG;
				SWIFT_OPTIMIZATION_LEVEL = "-Onone";
			};
			name = Debug;
		};
		9C5E3F7E216F15DB005B7E91 /* Release */ = {
			isa = XCBuildConfiguration;
			buildSettings = {
				ALWAYS_SEARCH_USER_PATHS = NO;
				CLANG_ANALYZER_NONNULL = YES;
				CLANG_ANALYZER_NUMBER_OBJECT_CONVERSION = YES_AGGRESSIVE;
				CLANG_CXX_LANGUAGE_STANDARD = "gnu++14";
				CLANG_CXX_LIBRARY = "libc++";
				CLANG_ENABLE_MODULES = YES;
				CLANG_ENABLE_OBJC_ARC = YES;
				CLANG_ENABLE_OBJC_WEAK = YES;
				CLANG_WARN_BLOCK_CAPTURE_AUTORELEASING = YES;
				CLANG_WARN_BOOL_CONVERSION = YES;
				CLANG_WARN_COMMA = YES;
				CLANG_WARN_CONSTANT_CONVERSION = YES;
				CLANG_WARN_DEPRECATED_OBJC_IMPLEMENTATIONS = YES;
				CLANG_WARN_DIRECT_OBJC_ISA_USAGE = YES_ERROR;
				CLANG_WARN_DOCUMENTATION_COMMENTS = YES;
				CLANG_WARN_EMPTY_BODY = YES;
				CLANG_WARN_ENUM_CONVERSION = YES;
				CLANG_WARN_INFINITE_RECURSION = YES;
				CLANG_WARN_INT_CONVERSION = YES;
				CLANG_WARN_NON_LITERAL_NULL_CONVERSION = YES;
				CLANG_WARN_OBJC_IMPLICIT_RETAIN_SELF = YES;
				CLANG_WARN_OBJC_LITERAL_CONVERSION = YES;
				CLANG_WARN_OBJC_ROOT_CLASS = YES_ERROR;
				CLANG_WARN_RANGE_LOOP_ANALYSIS = YES;
				CLANG_WARN_STRICT_PROTOTYPES = YES;
				CLANG_WARN_SUSPICIOUS_MOVE = YES;
				CLANG_WARN_UNGUARDED_AVAILABILITY = YES_AGGRESSIVE;
				CLANG_WARN_UNREACHABLE_CODE = YES;
				CLANG_WARN__DUPLICATE_METHOD_MATCH = YES;
				CODE_SIGN_IDENTITY = "iPhone Developer";
				COPY_PHASE_STRIP = NO;
				DEBUG_INFORMATION_FORMAT = "dwarf-with-dsym";
				ENABLE_NS_ASSERTIONS = NO;
				ENABLE_STRICT_OBJC_MSGSEND = YES;
				GCC_C_LANGUAGE_STANDARD = gnu11;
				GCC_NO_COMMON_BLOCKS = YES;
				GCC_WARN_64_TO_32_BIT_CONVERSION = YES;
				GCC_WARN_ABOUT_RETURN_TYPE = YES_ERROR;
				GCC_WARN_UNDECLARED_SELECTOR = YES;
				GCC_WARN_UNINITIALIZED_AUTOS = YES_AGGRESSIVE;
				GCC_WARN_UNUSED_FUNCTION = YES;
				GCC_WARN_UNUSED_VARIABLE = YES;
				IPHONEOS_DEPLOYMENT_TARGET = 12.0;
				MTL_ENABLE_DEBUG_INFO = NO;
				MTL_FAST_MATH = YES;
				SDKROOT = iphoneos;
				SWIFT_COMPILATION_MODE = wholemodule;
				SWIFT_OPTIMIZATION_LEVEL = "-O";
				VALIDATE_PRODUCT = YES;
			};
			name = Release;
		};
		9C5E3F80216F15DB005B7E91 /* Debug */ = {
			isa = XCBuildConfiguration;
			buildSettings = {
				ASSETCATALOG_COMPILER_APPICON_NAME = AppIcon;
				CODE_SIGN_STYLE = Automatic;
				DEVELOPMENT_TEAM = K5G28H99SW;
				INFOPLIST_FILE = SensorVisual/Info.plist;
				LD_RUNPATH_SEARCH_PATHS = (
					"$(inherited)",
					"@executable_path/Frameworks",
				);
				PRODUCT_BUNDLE_IDENTIFIER = pallaksingh.SensorVisual;
				PRODUCT_NAME = "$(TARGET_NAME)";
				SWIFT_VERSION = 4.2;
				TARGETED_DEVICE_FAMILY = "1,2";
			};
			name = Debug;
		};
		9C5E3F81216F15DB005B7E91 /* Release */ = {
			isa = XCBuildConfiguration;
			buildSettings = {
				ASSETCATALOG_COMPILER_APPICON_NAME = AppIcon;
				CODE_SIGN_STYLE = Automatic;
				DEVELOPMENT_TEAM = K5G28H99SW;
				INFOPLIST_FILE = SensorVisual/Info.plist;
				LD_RUNPATH_SEARCH_PATHS = (
					"$(inherited)",
					"@executable_path/Frameworks",
				);
				PRODUCT_BUNDLE_IDENTIFIER = pallaksingh.SensorVisual;
				PRODUCT_NAME = "$(TARGET_NAME)";
				SWIFT_VERSION = 4.2;
				TARGETED_DEVICE_FAMILY = "1,2";
			};
			name = Release;
		};
		9C5E3F83216F15DB005B7E91 /* Debug */ = {
			isa = XCBuildConfiguration;
			buildSettings = {
				ALWAYS_EMBED_SWIFT_STANDARD_LIBRARIES = YES;
				BUNDLE_LOADER = "$(TEST_HOST)";
				CODE_SIGN_STYLE = Automatic;
				DEVELOPMENT_TEAM = K5G28H99SW;
				INFOPLIST_FILE = SensorVisualTests/Info.plist;
				LD_RUNPATH_SEARCH_PATHS = (
					"$(inherited)",
					"@executable_path/Frameworks",
					"@loader_path/Frameworks",
				);
				PRODUCT_BUNDLE_IDENTIFIER = pallaksingh.SensorVisualTests;
				PRODUCT_NAME = "$(TARGET_NAME)";
				SWIFT_VERSION = 4.2;
				TARGETED_DEVICE_FAMILY = "1,2";
				TEST_HOST = "$(BUILT_PRODUCTS_DIR)/SensorVisual.app/SensorVisual";
			};
			name = Debug;
		};
		9C5E3F84216F15DB005B7E91 /* Release */ = {
			isa = XCBuildConfiguration;
			buildSettings = {
				ALWAYS_EMBED_SWIFT_STANDARD_LIBRARIES = YES;
				BUNDLE_LOADER = "$(TEST_HOST)";
				CODE_SIGN_STYLE = Automatic;
				DEVELOPMENT_TEAM = K5G28H99SW;
				INFOPLIST_FILE = SensorVisualTests/Info.plist;
				LD_RUNPATH_SEARCH_PATHS = (
					"$(inherited)",
					"@executable_path/Frameworks",
					"@loader_path/Frameworks",
				);
				PRODUCT_BUNDLE_IDENTIFIER = pallaksingh.SensorVisualTests;
				PRODUCT_NAME = "$(TARGET_NAME)";
				SWIFT_VERSION = 4.2;
				TARGETED_DEVICE_FAMILY = "1,2";
				TEST_HOST = "$(BUILT_PRODUCTS_DIR)/SensorVisual.app/SensorVisual";
			};
			name = Release;
		};
		9C5E3F86216F15DB005B7E91 /* Debug */ = {
			isa = XCBuildConfiguration;
			buildSettings = {
				ALWAYS_EMBED_SWIFT_STANDARD_LIBRARIES = YES;
				CODE_SIGN_STYLE = Automatic;
				DEVELOPMENT_TEAM = K5G28H99SW;
				INFOPLIST_FILE = SensorVisualUITests/Info.plist;
				LD_RUNPATH_SEARCH_PATHS = (
					"$(inherited)",
					"@executable_path/Frameworks",
					"@loader_path/Frameworks",
				);
				PRODUCT_BUNDLE_IDENTIFIER = pallaksingh.SensorVisualUITests;
				PRODUCT_NAME = "$(TARGET_NAME)";
				SWIFT_VERSION = 4.2;
				TARGETED_DEVICE_FAMILY = "1,2";
				TEST_TARGET_NAME = SensorVisual;
			};
			name = Debug;
		};
		9C5E3F87216F15DB005B7E91 /* Release */ = {
			isa = XCBuildConfiguration;
			buildSettings = {
				ALWAYS_EMBED_SWIFT_STANDARD_LIBRARIES = YES;
				CODE_SIGN_STYLE = Automatic;
				DEVELOPMENT_TEAM = K5G28H99SW;
				INFOPLIST_FILE = SensorVisualUITests/Info.plist;
				LD_RUNPATH_SEARCH_PATHS = (
					"$(inherited)",
					"@executable_path/Frameworks",
					"@loader_path/Frameworks",
				);
				PRODUCT_BUNDLE_IDENTIFIER = pallaksingh.SensorVisualUITests;
				PRODUCT_NAME = "$(TARGET_NAME)";
				SWIFT_VERSION = 4.2;
				TARGETED_DEVICE_FAMILY = "1,2";
				TEST_TARGET_NAME = SensorVisual;
			};
			name = Release;
		};
/* End XCBuildConfiguration section */

/* Begin XCConfigurationList section */
		9C5E3F4C216F15DA005B7E91 /* Build configuration list for PBXProject "SensorVisual" */ = {
			isa = XCConfigurationList;
			buildConfigurations = (
				9C5E3F7D216F15DB005B7E91 /* Debug */,
				9C5E3F7E216F15DB005B7E91 /* Release */,
			);
			defaultConfigurationIsVisible = 0;
			defaultConfigurationName = Release;
		};
		9C5E3F7F216F15DB005B7E91 /* Build configuration list for PBXNativeTarget "SensorVisual" */ = {
			isa = XCConfigurationList;
			buildConfigurations = (
				9C5E3F80216F15DB005B7E91 /* Debug */,
				9C5E3F81216F15DB005B7E91 /* Release */,
			);
			defaultConfigurationIsVisible = 0;
			defaultConfigurationName = Release;
		};
		9C5E3F82216F15DB005B7E91 /* Build configuration list for PBXNativeTarget "SensorVisualTests" */ = {
			isa = XCConfigurationList;
			buildConfigurations = (
				9C5E3F83216F15DB005B7E91 /* Debug */,
				9C5E3F84216F15DB005B7E91 /* Release */,
			);
			defaultConfigurationIsVisible = 0;
			defaultConfigurationName = Release;
		};
		9C5E3F85216F15DB005B7E91 /* Build configuration list for PBXNativeTarget "SensorVisualUITests" */ = {
			isa = XCConfigurationList;
			buildConfigurations = (
				9C5E3F86216F15DB005B7E91 /* Debug */,
				9C5E3F87216F15DB005B7E91 /* Release */,
			);
			defaultConfigurationIsVisible = 0;
			defaultConfigurationName = Release;
		};
/* End XCConfigurationList section */
	};
	rootObject = 9C5E3F49216F15DA005B7E91 /* Project object */;
}
